
Microsoft Visual Studio Solution File, Format Version 12.00
# Visual Studio 15
VisualStudioVersion = 15.0.28307.1022
MinimumVisualStudioVersion = 10.0.40219.1
Project("{FAE04EC0-301F-11D3-BF4B-00C04F79EFBC}") = "JiroCourseMaker2", "JiroCourseMaker2\JiroCourseMaker2.csproj", "{172DFAE0-2B6F-4186-9A09-9BD87F511007}"
EndProject
Global
	GlobalSection(SolutionConfigurationPlatforms) = preSolution
		Debug|Any CPU = Debug|Any CPU
		Release|Any CPU = Release|Any CPU
	EndGlobalSection
	GlobalSection(ProjectConfigurationPlatforms) = postSolution
		{172DFAE0-2B6F-4186-9A09-9BD87F511007}.Debug|Any CPU.ActiveCfg = Debug|Any CPU
		{172DFAE0-2B6F-4186-9A09-9BD87F511007}.Debug|Any CPU.Build.0 = Debug|Any CPU
		{172DFAE0-2B6F-4186-9A09-9BD87F511007}.Release|Any CPU.ActiveCfg = Release|Any CPU
		{172DFAE0-2B6F-4186-9A09-9BD87F511007}.Release|Any CPU.Build.0 = Release|Any CPU
	EndGlobalSection
	GlobalSection(SolutionProperties) = preSolution
		HideSolutionNode = FALSE
	EndGlobalSection
	GlobalSection(ExtensibilityGlobals) = postSolution
		SolutionGuid = {AD5ED75F-244E-462D-BF07-985E256BEDB9}
	EndGlobalSection
EndGlobal
